
Microsoft Visual Studio Solution File, Format Version 12.00
# Visual Studio Version 17
VisualStudioVersion = 17.2.32616.157
MinimumVisualStudioVersion = 10.0.40219.1
Project("{8BC9CEB8-8B4A-11D0-8D11-00A0C91BC942}") = "SFMLgame", "SFMLgame\SFMLgame.vcxproj", "{BB97394C-357A-4AF2-84A2-0FE17980FF00}"
EndProject
Global
	GlobalSection(SolutionConfigurationPlatforms) = preSolution
		Debug|x64 = Debug|x64
		Debug|x86 = Debug|x86
		Release|x64 = Release|x64
		Release|x86 = Release|x86
	EndGlobalSection
	GlobalSection(ProjectConfigurationPlatforms) = postSolution
		{BB97394C-357A-4AF2-84A2-0FE17980FF00}.Debug|x64.ActiveCfg = Debug|x64
		{BB97394C-357A-4AF2-84A2-0FE17980FF00}.Debug|x64.Build.0 = Debug|x64
		{BB97394C-357A-4AF2-84A2-0FE17980FF00}.Debug|x86.ActiveCfg = Debug|Win32
		{BB97394C-357A-4AF2-84A2-0FE17980FF00}.Debug|x86.Build.0 = Debug|Win32
		{BB97394C-357A-4AF2-84A2-0FE17980FF00}.Release|x64.ActiveCfg = Release|x64
		{BB97394C-357A-4AF2-84A2-0FE17980FF00}.Release|x64.Build.0 = Release|x64
		{BB97394C-357A-4AF2-84A2-0FE17980FF00}.Release|x86.ActiveCfg = Release|Win32
		{BB97394C-357A-4AF2-84A2-0FE17980FF00}.Release|x86.Build.0 = Release|Win32
	EndGlobalSection
	GlobalSection(SolutionProperties) = preSolution
		HideSolutionNode = FALSE
	EndGlobalSection
	GlobalSection(ExtensibilityGlobals) = postSolution
		SolutionGuid = {AD8DC5EE-E169-4959-B066-FD38478E64CB}
	EndGlobalSection
EndGlobal
